
Microsoft Visual Studio Solution File, Format Version 12.00
# Visual Studio Version 16
VisualStudioVersion = 16.0.30413.136
MinimumVisualStudioVersion = 10.0.40219.1
Project("{FAE04EC0-301F-11D3-BF4B-00C04F79EFBC}") = "LabNUnit", "LabNUnit\LabNUnit.csproj", "{837C1445-2209-4247-9A2E-4CDF9447FC3A}"
EndProject
Global
	GlobalSection(SolutionConfigurationPlatforms) = preSolution
		Debug|Any CPU = Debug|Any CPU
		Release|Any CPU = Release|Any CPU
	EndGlobalSection
	GlobalSection(ProjectConfigurationPlatforms) = postSolution
		{837C1445-2209-4247-9A2E-4CDF9447FC3A}.Debug|Any CPU.ActiveCfg = Debug|Any CPU
		{837C1445-2209-4247-9A2E-4CDF9447FC3A}.Debug|Any CPU.Build.0 = Debug|Any CPU
		{837C1445-2209-4247-9A2E-4CDF9447FC3A}.Release|Any CPU.ActiveCfg = Release|Any CPU
		{837C1445-2209-4247-9A2E-4CDF9447FC3A}.Release|Any CPU.Build.0 = Release|Any CPU
	EndGlobalSection
	GlobalSection(SolutionProperties) = preSolution
		HideSolutionNode = FALSE
	EndGlobalSection
	GlobalSection(ExtensibilityGlobals) = postSolution
		SolutionGuid = {5DD0206C-5D2A-4C74-85E0-3329118A25A0}
	EndGlobalSection
EndGlobal
