
Microsoft Visual Studio Solution File, Format Version 12.00
# Visual Studio Version 16
VisualStudioVersion = 16.0.30413.136
MinimumVisualStudioVersion = 10.0.40219.1
Project("{FAE04EC0-301F-11D3-BF4B-00C04F79EFBC}") = "Ex_MySQL", "Ex_MySQL\Ex_MySQL.csproj", "{9AB07569-4728-47B1-B2ED-7387C8D6F920}"
EndProject
Global
	GlobalSection(SolutionConfigurationPlatforms) = preSolution
		Debug|Any CPU = Debug|Any CPU
		Release|Any CPU = Release|Any CPU
	EndGlobalSection
	GlobalSection(ProjectConfigurationPlatforms) = postSolution
		{9AB07569-4728-47B1-B2ED-7387C8D6F920}.Debug|Any CPU.ActiveCfg = Debug|Any CPU
		{9AB07569-4728-47B1-B2ED-7387C8D6F920}.Debug|Any CPU.Build.0 = Debug|Any CPU
		{9AB07569-4728-47B1-B2ED-7387C8D6F920}.Release|Any CPU.ActiveCfg = Release|Any CPU
		{9AB07569-4728-47B1-B2ED-7387C8D6F920}.Release|Any CPU.Build.0 = Release|Any CPU
		{DB9D9A4A-24B9-45FD-B684-C30615BB95E4}.Debug|Any CPU.ActiveCfg = Debug|Any CPU
		{DB9D9A4A-24B9-45FD-B684-C30615BB95E4}.Debug|Any CPU.Build.0 = Debug|Any CPU
		{DB9D9A4A-24B9-45FD-B684-C30615BB95E4}.Release|Any CPU.ActiveCfg = Release|Any CPU
		{DB9D9A4A-24B9-45FD-B684-C30615BB95E4}.Release|Any CPU.Build.0 = Release|Any CPU
	EndGlobalSection
	GlobalSection(SolutionProperties) = preSolution
		HideSolutionNode = FALSE
	EndGlobalSection
	GlobalSection(ExtensibilityGlobals) = postSolution
		SolutionGuid = {96305CF1-7FFB-4AE3-B76A-5AAA7A0B53E4}
	EndGlobalSection
EndGlobal
